// !$*UTF8*$!
{
	archiveVersion = 1;
	classes = {
	};
	objectVersion = 46;
	objects = {

/* Begin PBXBuildFile section */
		D80594AD1976F1B300116B35 /* Foundation.framework in Frameworks */ = {isa = PBXBuildFile; fileRef = D80594AC1976F1B300116B35 /* Foundation.framework */; };
		D80594AF1976F1B300116B35 /* CoreGraphics.framework in Frameworks */ = {isa = PBXBuildFile; fileRef = D80594AE1976F1B300116B35 /* CoreGraphics.framework */; };
		D80594B11976F1B300116B35 /* UIKit.framework in Frameworks */ = {isa = PBXBuildFile; fileRef = D80594B01976F1B300116B35 /* UIKit.framework */; };
		D80594B71976F1B300116B35 /* InfoPlist.strings in Resources */ = {isa = PBXBuildFile; fileRef = D80594B51976F1B300116B35 /* InfoPlist.strings */; };
		D80594B91976F1B300116B35 /* main.m in Sources */ = {isa = PBXBuildFile; fileRef = D80594B81976F1B300116B35 /* main.m */; };
		D80594C51976F1B300116B35 /* Images.xcassets in Resources */ = {isa = PBXBuildFile; fileRef = D80594C41976F1B300116B35 /* Images.xcassets */; };
		D80594CC1976F1B300116B35 /* XCTest.framework in Frameworks */ = {isa = PBXBuildFile; fileRef = D80594CB1976F1B300116B35 /* XCTest.framework */; };
		D80594CD1976F1B300116B35 /* Foundation.framework in Frameworks */ = {isa = PBXBuildFile; fileRef = D80594AC1976F1B300116B35 /* Foundation.framework */; };
		D80594CE1976F1B300116B35 /* UIKit.framework in Frameworks */ = {isa = PBXBuildFile; fileRef = D80594B01976F1B300116B35 /* UIKit.framework */; };
		D80594D61976F1B300116B35 /* InfoPlist.strings in Resources */ = {isa = PBXBuildFile; fileRef = D80594D41976F1B300116B35 /* InfoPlist.strings */; };
		D80594D81976F1B300116B35 /* locationTrivia_APITests.m in Sources */ = {isa = PBXBuildFile; fileRef = D80594D71976F1B300116B35 /* locationTrivia_APITests.m */; };
		D80594F21976F1D000116B35 /* Main.storyboard in Resources */ = {isa = PBXBuildFile; fileRef = D80594E11976F1D000116B35 /* Main.storyboard */; };
		D80594F31976F1D000116B35 /* FISAddTriviaViewController.m in Sources */ = {isa = PBXBuildFile; fileRef = D80594E31976F1D000116B35 /* FISAddTriviaViewController.m */; };
		D80594F41976F1D000116B35 /* FISAddLocationViewController.m in Sources */ = {isa = PBXBuildFile; fileRef = D80594E51976F1D000116B35 /* FISAddLocationViewController.m */; };
		D80594F51976F1D000116B35 /* FISLocationsDataStore.m in Sources */ = {isa = PBXBuildFile; fileRef = D80594E71976F1D000116B35 /* FISLocationsDataStore.m */; };
		D80594F61976F1D000116B35 /* FISAppDelegate.m in Sources */ = {isa = PBXBuildFile; fileRef = D80594E91976F1D000116B35 /* FISAppDelegate.m */; };
		D80594F71976F1D000116B35 /* FISLocationsTableViewController.m in Sources */ = {isa = PBXBuildFile; fileRef = D80594EB1976F1D000116B35 /* FISLocationsTableViewController.m */; };
		D80594F81976F1D000116B35 /* FISTriviaTableViewController.m in Sources */ = {isa = PBXBuildFile; fileRef = D80594ED1976F1D000116B35 /* FISTriviaTableViewController.m */; };
		D80594F91976F1D000116B35 /* FISLocation.m in Sources */ = {isa = PBXBuildFile; fileRef = D80594EF1976F1D000116B35 /* FISLocation.m */; };
		D80594FA1976F1D000116B35 /* FISTrivia.m in Sources */ = {isa = PBXBuildFile; fileRef = D80594F11976F1D000116B35 /* FISTrivia.m */; };
		FFCA27F7FE4EC322FED06690 /* libPods-locationTrivia-APITests.a in Frameworks */ = {isa = PBXBuildFile; fileRef = 1F44F6EB447FDAE794EDEC8B /* libPods-locationTrivia-APITests.a */; };
/* End PBXBuildFile section */

/* Begin PBXContainerItemProxy section */
		D80594CF1976F1B300116B35 /* PBXContainerItemProxy */ = {
			isa = PBXContainerItemProxy;
			containerPortal = D80594A11976F1B300116B35 /* Project object */;
			proxyType = 1;
			remoteGlobalIDString = D80594A81976F1B300116B35;
			remoteInfo = "locationTrivia-API";
		};
/* End PBXContainerItemProxy section */

/* Begin PBXFileReference section */
		1F44F6EB447FDAE794EDEC8B /* libPods-locationTrivia-APITests.a */ = {isa = PBXFileReference; explicitFileType = archive.ar; includeInIndex = 0; path = "libPods-locationTrivia-APITests.a"; sourceTree = BUILT_PRODUCTS_DIR; };
		9EA63685DE4E8E9ACEAD2B8E /* Pods-locationTrivia-APITests.debug.xcconfig */ = {isa = PBXFileReference; includeInIndex = 1; lastKnownFileType = text.xcconfig; name = "Pods-locationTrivia-APITests.debug.xcconfig"; path = "Pods/Target Support Files/Pods-locationTrivia-APITests/Pods-locationTrivia-APITests.debug.xcconfig"; sourceTree = "<group>"; };
		B7080BB79891B7BA6DC9A172 /* Pods-locationTrivia-APITests.release.xcconfig */ = {isa = PBXFileReference; includeInIndex = 1; lastKnownFileType = text.xcconfig; name = "Pods-locationTrivia-APITests.release.xcconfig"; path = "Pods/Target Support Files/Pods-locationTrivia-APITests/Pods-locationTrivia-APITests.release.xcconfig"; sourceTree = "<group>"; };
		D80594A91976F1B300116B35 /* locationTrivia-API.app */ = {isa = PBXFileReference; explicitFileType = wrapper.application; includeInIndex = 0; path = "locationTrivia-API.app"; sourceTree = BUILT_PRODUCTS_DIR; };
		D80594AC1976F1B300116B35 /* Foundation.framework */ = {isa = PBXFileReference; lastKnownFileType = wrapper.framework; name = Foundation.framework; path = System/Library/Frameworks/Foundation.framework; sourceTree = SDKROOT; };
		D80594AE1976F1B300116B35 /* CoreGraphics.framework */ = {isa = PBXFileReference; lastKnownFileType = wrapper.framework; name = CoreGraphics.framework; path = System/Library/Frameworks/CoreGraphics.framework; sourceTree = SDKROOT; };
		D80594B01976F1B300116B35 /* UIKit.framework */ = {isa = PBXFileReference; lastKnownFileType = wrapper.framework; name = UIKit.framework; path = System/Library/Frameworks/UIKit.framework; sourceTree = SDKROOT; };
		D80594B41976F1B300116B35 /* locationTrivia-API-Info.plist */ = {isa = PBXFileReference; lastKnownFileType = text.plist.xml; path = "locationTrivia-API-Info.plist"; sourceTree = "<group>"; };
		D80594B61976F1B300116B35 /* en */ = {isa = PBXFileReference; lastKnownFileType = text.plist.strings; name = en; path = en.lproj/InfoPlist.strings; sourceTree = "<group>"; };
		D80594B81976F1B300116B35 /* main.m */ = {isa = PBXFileReference; lastKnownFileType = sourcecode.c.objc; path = main.m; sourceTree = "<group>"; };
		D80594BA1976F1B300116B35 /* locationTrivia-API-Prefix.pch */ = {isa = PBXFileReference; lastKnownFileType = sourcecode.c.h; path = "locationTrivia-API-Prefix.pch"; sourceTree = "<group>"; };
		D80594C41976F1B300116B35 /* Images.xcassets */ = {isa = PBXFileReference; lastKnownFileType = folder.assetcatalog; path = Images.xcassets; sourceTree = "<group>"; };
		D80594CA1976F1B300116B35 /* locationTrivia-APITests.xctest */ = {isa = PBXFileReference; explicitFileType = wrapper.cfbundle; includeInIndex = 0; path = "locationTrivia-APITests.xctest"; sourceTree = BUILT_PRODUCTS_DIR; };
		D80594CB1976F1B300116B35 /* XCTest.framework */ = {isa = PBXFileReference; lastKnownFileType = wrapper.framework; name = XCTest.framework; path = Library/Frameworks/XCTest.framework; sourceTree = DEVELOPER_DIR; };
		D80594D31976F1B300116B35 /* locationTrivia-APITests-Info.plist */ = {isa = PBXFileReference; lastKnownFileType = text.plist.xml; path = "locationTrivia-APITests-Info.plist"; sourceTree = "<group>"; };
		D80594D51976F1B300116B35 /* en */ = {isa = PBXFileReference; lastKnownFileType = text.plist.strings; name = en; path = en.lproj/InfoPlist.strings; sourceTree = "<group>"; };
		D80594D71976F1B300116B35 /* locationTrivia_APITests.m */ = {isa = PBXFileReference; lastKnownFileType = sourcecode.c.objc; path = locationTrivia_APITests.m; sourceTree = "<group>"; };
		D80594E11976F1D000116B35 /* Main.storyboard */ = {isa = PBXFileReference; fileEncoding = 4; lastKnownFileType = file.storyboard; path = Main.storyboard; sourceTree = "<group>"; };
		D80594E21976F1D000116B35 /* FISAddTriviaViewController.h */ = {isa = PBXFileReference; fileEncoding = 4; lastKnownFileType = sourcecode.c.h; path = FISAddTriviaViewController.h; sourceTree = "<group>"; };
		D80594E31976F1D000116B35 /* FISAddTriviaViewController.m */ = {isa = PBXFileReference; fileEncoding = 4; lastKnownFileType = sourcecode.c.objc; path = FISAddTriviaViewController.m; sourceTree = "<group>"; };
		D80594E41976F1D000116B35 /* FISAddLocationViewController.h */ = {isa = PBXFileReference; fileEncoding = 4; lastKnownFileType = sourcecode.c.h; path = FISAddLocationViewController.h; sourceTree = "<group>"; };
		D80594E51976F1D000116B35 /* FISAddLocationViewController.m */ = {isa = PBXFileReference; fileEncoding = 4; lastKnownFileType = sourcecode.c.objc; path = FISAddLocationViewController.m; sourceTree = "<group>"; };
		D80594E61976F1D000116B35 /* FISLocationsDataStore.h */ = {isa = PBXFileReference; fileEncoding = 4; lastKnownFileType = sourcecode.c.h; path = FISLocationsDataStore.h; sourceTree = "<group>"; };
		D80594E71976F1D000116B35 /* FISLocationsDataStore.m */ = {isa = PBXFileReference; fileEncoding = 4; lastKnownFileType = sourcecode.c.objc; path = FISLocationsDataStore.m; sourceTree = "<group>"; };
		D80594E81976F1D000116B35 /* FISAppDelegate.h */ = {isa = PBXFileReference; fileEncoding = 4; lastKnownFileType = sourcecode.c.h; path = FISAppDelegate.h; sourceTree = "<group>"; };
		D80594E91976F1D000116B35 /* FISAppDelegate.m */ = {isa = PBXFileReference; fileEncoding = 4; lastKnownFileType = sourcecode.c.objc; path = FISAppDelegate.m; sourceTree = "<group>"; };
		D80594EA1976F1D000116B35 /* FISLocationsTableViewController.h */ = {isa = PBXFileReference; fileEncoding = 4; lastKnownFileType = sourcecode.c.h; path = FISLocationsTableViewController.h; sourceTree = "<group>"; };
		D80594EB1976F1D000116B35 /* FISLocationsTableViewController.m */ = {isa = PBXFileReference; fileEncoding = 4; lastKnownFileType = sourcecode.c.objc; path = FISLocationsTableViewController.m; sourceTree = "<group>"; };
		D80594EC1976F1D000116B35 /* FISTriviaTableViewController.h */ = {isa = PBXFileReference; fileEncoding = 4; lastKnownFileType = sourcecode.c.h; path = FISTriviaTableViewController.h; sourceTree = "<group>"; };
		D80594ED1976F1D000116B35 /* FISTriviaTableViewController.m */ = {isa = PBXFileReference; fileEncoding = 4; lastKnownFileType = sourcecode.c.objc; path = FISTriviaTableViewController.m; sourceTree = "<group>"; };
		D80594EE1976F1D000116B35 /* FISLocation.h */ = {isa = PBXFileReference; fileEncoding = 4; lastKnownFileType = sourcecode.c.h; path = FISLocation.h; sourceTree = "<group>"; };
		D80594EF1976F1D000116B35 /* FISLocation.m */ = {isa = PBXFileReference; fileEncoding = 4; lastKnownFileType = sourcecode.c.objc; path = FISLocation.m; sourceTree = "<group>"; };
		D80594F01976F1D000116B35 /* FISTrivia.h */ = {isa = PBXFileReference; fileEncoding = 4; lastKnownFileType = sourcecode.c.h; path = FISTrivia.h; sourceTree = "<group>"; };
		D80594F11976F1D000116B35 /* FISTrivia.m */ = {isa = PBXFileReference; fileEncoding = 4; lastKnownFileType = sourcecode.c.objc; path = FISTrivia.m; sourceTree = "<group>"; };
/* End PBXFileReference section */

/* Begin PBXFrameworksBuildPhase section */
		D80594A61976F1B300116B35 /* Frameworks */ = {
			isa = PBXFrameworksBuildPhase;
			buildActionMask = 2147483647;
			files = (
				D80594AF1976F1B300116B35 /* CoreGraphics.framework in Frameworks */,
				D80594B11976F1B300116B35 /* UIKit.framework in Frameworks */,
				D80594AD1976F1B300116B35 /* Foundation.framework in Frameworks */,
			);
			runOnlyForDeploymentPostprocessing = 0;
		};
		D80594C71976F1B300116B35 /* Frameworks */ = {
			isa = PBXFrameworksBuildPhase;
			buildActionMask = 2147483647;
			files = (
				D80594CC1976F1B300116B35 /* XCTest.framework in Frameworks */,
				D80594CE1976F1B300116B35 /* UIKit.framework in Frameworks */,
				D80594CD1976F1B300116B35 /* Foundation.framework in Frameworks */,
				FFCA27F7FE4EC322FED06690 /* libPods-locationTrivia-APITests.a in Frameworks */,
			);
			runOnlyForDeploymentPostprocessing = 0;
		};
/* End PBXFrameworksBuildPhase section */

/* Begin PBXGroup section */
		9ED244881D216B78406162FC /* Pods */ = {
			isa = PBXGroup;
			children = (
				9EA63685DE4E8E9ACEAD2B8E /* Pods-locationTrivia-APITests.debug.xcconfig */,
				B7080BB79891B7BA6DC9A172 /* Pods-locationTrivia-APITests.release.xcconfig */,
			);
			name = Pods;
			sourceTree = "<group>";
		};
		D80594A01976F1B300116B35 = {
			isa = PBXGroup;
			children = (
				D80594B21976F1B300116B35 /* locationTrivia-API */,
				D80594D11976F1B300116B35 /* locationTrivia-APITests */,
				D80594AB1976F1B300116B35 /* Frameworks */,
				D80594AA1976F1B300116B35 /* Products */,
				9ED244881D216B78406162FC /* Pods */,
			);
			sourceTree = "<group>";
		};
		D80594AA1976F1B300116B35 /* Products */ = {
			isa = PBXGroup;
			children = (
				D80594A91976F1B300116B35 /* locationTrivia-API.app */,
				D80594CA1976F1B300116B35 /* locationTrivia-APITests.xctest */,
			);
			name = Products;
			sourceTree = "<group>";
		};
		D80594AB1976F1B300116B35 /* Frameworks */ = {
			isa = PBXGroup;
			children = (
				D80594AC1976F1B300116B35 /* Foundation.framework */,
				D80594AE1976F1B300116B35 /* CoreGraphics.framework */,
				D80594B01976F1B300116B35 /* UIKit.framework */,
				D80594CB1976F1B300116B35 /* XCTest.framework */,
				1F44F6EB447FDAE794EDEC8B /* libPods-locationTrivia-APITests.a */,
			);
			name = Frameworks;
			sourceTree = "<group>";
		};
		D80594B21976F1B300116B35 /* locationTrivia-API */ = {
			isa = PBXGroup;
			children = (
				D80594E11976F1D000116B35 /* Main.storyboard */,
				D80594E21976F1D000116B35 /* FISAddTriviaViewController.h */,
				D80594E31976F1D000116B35 /* FISAddTriviaViewController.m */,
				D80594E41976F1D000116B35 /* FISAddLocationViewController.h */,
				D80594E51976F1D000116B35 /* FISAddLocationViewController.m */,
				D80594E61976F1D000116B35 /* FISLocationsDataStore.h */,
				D80594E71976F1D000116B35 /* FISLocationsDataStore.m */,
				D80594E81976F1D000116B35 /* FISAppDelegate.h */,
				D80594E91976F1D000116B35 /* FISAppDelegate.m */,
				D80594EA1976F1D000116B35 /* FISLocationsTableViewController.h */,
				D80594EB1976F1D000116B35 /* FISLocationsTableViewController.m */,
				D80594EC1976F1D000116B35 /* FISTriviaTableViewController.h */,
				D80594ED1976F1D000116B35 /* FISTriviaTableViewController.m */,
				D80594EE1976F1D000116B35 /* FISLocation.h */,
				D80594EF1976F1D000116B35 /* FISLocation.m */,
				D80594F01976F1D000116B35 /* FISTrivia.h */,
				D80594F11976F1D000116B35 /* FISTrivia.m */,
				D80594C41976F1B300116B35 /* Images.xcassets */,
				D80594B31976F1B300116B35 /* Supporting Files */,
			);
			path = "locationTrivia-API";
			sourceTree = "<group>";
		};
		D80594B31976F1B300116B35 /* Supporting Files */ = {
			isa = PBXGroup;
			children = (
				D80594B41976F1B300116B35 /* locationTrivia-API-Info.plist */,
				D80594B51976F1B300116B35 /* InfoPlist.strings */,
				D80594B81976F1B300116B35 /* main.m */,
				D80594BA1976F1B300116B35 /* locationTrivia-API-Prefix.pch */,
			);
			name = "Supporting Files";
			sourceTree = "<group>";
		};
		D80594D11976F1B300116B35 /* locationTrivia-APITests */ = {
			isa = PBXGroup;
			children = (
				D80594D71976F1B300116B35 /* locationTrivia_APITests.m */,
				D80594D21976F1B300116B35 /* Supporting Files */,
			);
			path = "locationTrivia-APITests";
			sourceTree = "<group>";
		};
		D80594D21976F1B300116B35 /* Supporting Files */ = {
			isa = PBXGroup;
			children = (
				D80594D31976F1B300116B35 /* locationTrivia-APITests-Info.plist */,
				D80594D41976F1B300116B35 /* InfoPlist.strings */,
			);
			name = "Supporting Files";
			sourceTree = "<group>";
		};
/* End PBXGroup section */

/* Begin PBXNativeTarget section */
		D80594A81976F1B300116B35 /* locationTrivia-API */ = {
			isa = PBXNativeTarget;
			buildConfigurationList = D80594DB1976F1B300116B35 /* Build configuration list for PBXNativeTarget "locationTrivia-API" */;
			buildPhases = (
				D80594A51976F1B300116B35 /* Sources */,
				D80594A61976F1B300116B35 /* Frameworks */,
				D80594A71976F1B300116B35 /* Resources */,
			);
			buildRules = (
			);
			dependencies = (
			);
			name = "locationTrivia-API";
			productName = "locationTrivia-API";
			productReference = D80594A91976F1B300116B35 /* locationTrivia-API.app */;
			productType = "com.apple.product-type.application";
		};
		D80594C91976F1B300116B35 /* locationTrivia-APITests */ = {
			isa = PBXNativeTarget;
			buildConfigurationList = D80594DE1976F1B300116B35 /* Build configuration list for PBXNativeTarget "locationTrivia-APITests" */;
			buildPhases = (
				47F19E0ED3941340BF77BF7B /* Check Pods Manifest.lock */,
				D80594C61976F1B300116B35 /* Sources */,
				D80594C71976F1B300116B35 /* Frameworks */,
				D80594C81976F1B300116B35 /* Resources */,
				8D9585BD4A0DCEC7CFC9D0EA /* Copy Pods Resources */,
			);
			buildRules = (
			);
			dependencies = (
				D80594D01976F1B300116B35 /* PBXTargetDependency */,
			);
			name = "locationTrivia-APITests";
			productName = "locationTrivia-APITests";
			productReference = D80594CA1976F1B300116B35 /* locationTrivia-APITests.xctest */;
			productType = "com.apple.product-type.bundle.unit-test";
		};
/* End PBXNativeTarget section */

/* Begin PBXProject section */
		D80594A11976F1B300116B35 /* Project object */ = {
			isa = PBXProject;
			attributes = {
				CLASSPREFIX = FIS;
				LastUpgradeCheck = 0510;
				ORGANIZATIONNAME = "Joe Burgess";
				TargetAttributes = {
					D80594C91976F1B300116B35 = {
						TestTargetID = D80594A81976F1B300116B35;
					};
				};
			};
			buildConfigurationList = D80594A41976F1B300116B35 /* Build configuration list for PBXProject "locationTrivia-API" */;
			compatibilityVersion = "Xcode 3.2";
			developmentRegion = English;
			hasScannedForEncodings = 0;
			knownRegions = (
				en,
				Base,
			);
			mainGroup = D80594A01976F1B300116B35;
			productRefGroup = D80594AA1976F1B300116B35 /* Products */;
			projectDirPath = "";
			projectRoot = "";
			targets = (
				D80594A81976F1B300116B35 /* locationTrivia-API */,
				D80594C91976F1B300116B35 /* locationTrivia-APITests */,
			);
		};
/* End PBXProject section */

/* Begin PBXResourcesBuildPhase section */
		D80594A71976F1B300116B35 /* Resources */ = {
			isa = PBXResourcesBuildPhase;
			buildActionMask = 2147483647;
			files = (
				D80594F21976F1D000116B35 /* Main.storyboard in Resources */,
				D80594C51976F1B300116B35 /* Images.xcassets in Resources */,
				D80594B71976F1B300116B35 /* InfoPlist.strings in Resources */,
			);
			runOnlyForDeploymentPostprocessing = 0;
		};
		D80594C81976F1B300116B35 /* Resources */ = {
			isa = PBXResourcesBuildPhase;
			buildActionMask = 2147483647;
			files = (
				D80594D61976F1B300116B35 /* InfoPlist.strings in Resources */,
			);
			runOnlyForDeploymentPostprocessing = 0;
		};
/* End PBXResourcesBuildPhase section */

/* Begin PBXShellScriptBuildPhase section */
		47F19E0ED3941340BF77BF7B /* Check Pods Manifest.lock */ = {
			isa = PBXShellScriptBuildPhase;
			buildActionMask = 2147483647;
			files = (
			);
			inputPaths = (
			);
			name = "Check Pods Manifest.lock";
			outputPaths = (
			);
			runOnlyForDeploymentPostprocessing = 0;
			shellPath = /bin/sh;
			shellScript = "diff \"${PODS_ROOT}/../Podfile.lock\" \"${PODS_ROOT}/Manifest.lock\" > /dev/null\nif [[ $? != 0 ]] ; then\n    cat << EOM\nerror: The sandbox is not in sync with the Podfile.lock. Run 'pod install' or update your CocoaPods installation.\nEOM\n    exit 1\nfi\n";
			showEnvVarsInLog = 0;
		};
		8D9585BD4A0DCEC7CFC9D0EA /* Copy Pods Resources */ = {
			isa = PBXShellScriptBuildPhase;
			buildActionMask = 2147483647;
			files = (
			);
			inputPaths = (
			);
			name = "Copy Pods Resources";
			outputPaths = (
			);
			runOnlyForDeploymentPostprocessing = 0;
			shellPath = /bin/sh;
			shellScript = "\"${SRCROOT}/Pods/Target Support Files/Pods-locationTrivia-APITests/Pods-locationTrivia-APITests-resources.sh\"\n";
			showEnvVarsInLog = 0;
		};
/* End PBXShellScriptBuildPhase section */

/* Begin PBXSourcesBuildPhase section */
		D80594A51976F1B300116B35 /* Sources */ = {
			isa = PBXSourcesBuildPhase;
			buildActionMask = 2147483647;
			files = (
				D80594F31976F1D000116B35 /* FISAddTriviaViewController.m in Sources */,
				D80594F81976F1D000116B35 /* FISTriviaTableViewController.m in Sources */,
				D80594F41976F1D000116B35 /* FISAddLocationViewController.m in Sources */,
				D80594F91976F1D000116B35 /* FISLocation.m in Sources */,
				D80594B91976F1B300116B35 /* main.m in Sources */,
				D80594F61976F1D000116B35 /* FISAppDelegate.m in Sources */,
				D80594F51976F1D000116B35 /* FISLocationsDataStore.m in Sources */,
				D80594FA1976F1D000116B35 /* FISTrivia.m in Sources */,
				D80594F71976F1D000116B35 /* FISLocationsTableViewController.m in Sources */,
			);
			runOnlyForDeploymentPostprocessing = 0;
		};
		D80594C61976F1B300116B35 /* Sources */ = {
			isa = PBXSourcesBuildPhase;
			buildActionMask = 2147483647;
			files = (
				D80594D81976F1B300116B35 /* locationTrivia_APITests.m in Sources */,
			);
			runOnlyForDeploymentPostprocessing = 0;
		};
/* End PBXSourcesBuildPhase section */

/* Begin PBXTargetDependency section */
		D80594D01976F1B300116B35 /* PBXTargetDependency */ = {
			isa = PBXTargetDependency;
			target = D80594A81976F1B300116B35 /* locationTrivia-API */;
			targetProxy = D80594CF1976F1B300116B35 /* PBXContainerItemProxy */;
		};
/* End PBXTargetDependency section */

/* Begin PBXVariantGroup section */
		D80594B51976F1B300116B35 /* InfoPlist.strings */ = {
			isa = PBXVariantGroup;
			children = (
				D80594B61976F1B300116B35 /* en */,
			);
			name = InfoPlist.strings;
			sourceTree = "<group>";
		};
		D80594D41976F1B300116B35 /* InfoPlist.strings */ = {
			isa = PBXVariantGroup;
			children = (
				D80594D51976F1B300116B35 /* en */,
			);
			name = InfoPlist.strings;
			sourceTree = "<group>";
		};
/* End PBXVariantGroup section */

/* Begin XCBuildConfiguration section */
		D80594D91976F1B300116B35 /* Debug */ = {
			isa = XCBuildConfiguration;
			buildSettings = {
				ALWAYS_SEARCH_USER_PATHS = NO;
				CLANG_CXX_LANGUAGE_STANDARD = "gnu++0x";
				CLANG_CXX_LIBRARY = "libc++";
				CLANG_ENABLE_MODULES = YES;
				CLANG_ENABLE_OBJC_ARC = YES;
				CLANG_WARN_BOOL_CONVERSION = YES;
				CLANG_WARN_CONSTANT_CONVERSION = YES;
				CLANG_WARN_DIRECT_OBJC_ISA_USAGE = YES_ERROR;
				CLANG_WARN_EMPTY_BODY = YES;
				CLANG_WARN_ENUM_CONVERSION = YES;
				CLANG_WARN_INT_CONVERSION = YES;
				CLANG_WARN_OBJC_ROOT_CLASS = YES_ERROR;
				CLANG_WARN__DUPLICATE_METHOD_MATCH = YES;
				"CODE_SIGN_IDENTITY[sdk=iphoneos*]" = "iPhone Developer";
				COPY_PHASE_STRIP = NO;
				GCC_C_LANGUAGE_STANDARD = gnu99;
				GCC_DYNAMIC_NO_PIC = NO;
				GCC_OPTIMIZATION_LEVEL = 0;
				GCC_PREPROCESSOR_DEFINITIONS = (
					"DEBUG=1",
					"$(inherited)",
				);
				GCC_SYMBOLS_PRIVATE_EXTERN = NO;
				GCC_WARN_64_TO_32_BIT_CONVERSION = YES;
				GCC_WARN_ABOUT_RETURN_TYPE = YES_ERROR;
				GCC_WARN_UNDECLARED_SELECTOR = YES;
				GCC_WARN_UNINITIALIZED_AUTOS = YES_AGGRESSIVE;
				GCC_WARN_UNUSED_FUNCTION = YES;
				GCC_WARN_UNUSED_VARIABLE = YES;
				IPHONEOS_DEPLOYMENT_TARGET = 7.1;
				ONLY_ACTIVE_ARCH = YES;
				SDKROOT = iphoneos;
			};
			name = Debug;
		};
		D80594DA1976F1B300116B35 /* Release */ = {
			isa = XCBuildConfiguration;
			buildSettings = {
				ALWAYS_SEARCH_USER_PATHS = NO;
				CLANG_CXX_LANGUAGE_STANDARD = "gnu++0x";
				CLANG_CXX_LIBRARY = "libc++";
				CLANG_ENABLE_MODULES = YES;
				CLANG_ENABLE_OBJC_ARC = YES;
				CLANG_WARN_BOOL_CONVERSION = YES;
				CLANG_WARN_CONSTANT_CONVERSION = YES;
				CLANG_WARN_DIRECT_OBJC_ISA_USAGE = YES_ERROR;
				CLANG_WARN_EMPTY_BODY = YES;
				CLANG_WARN_ENUM_CONVERSION = YES;
				CLANG_WARN_INT_CONVERSION = YES;
				CLANG_WARN_OBJC_ROOT_CLASS = YES_ERROR;
				CLANG_WARN__DUPLICATE_METHOD_MATCH = YES;
				"CODE_SIGN_IDENTITY[sdk=iphoneos*]" = "iPhone Developer";
				COPY_PHASE_STRIP = YES;
				ENABLE_NS_ASSERTIONS = NO;
				GCC_C_LANGUAGE_STANDARD = gnu99;
				GCC_WARN_64_TO_32_BIT_CONVERSION = YES;
				GCC_WARN_ABOUT_RETURN_TYPE = YES_ERROR;
				GCC_WARN_UNDECLARED_SELECTOR = YES;
				GCC_WARN_UNINITIALIZED_AUTOS = YES_AGGRESSIVE;
				GCC_WARN_UNUSED_FUNCTION = YES;
				GCC_WARN_UNUSED_VARIABLE = YES;
				IPHONEOS_DEPLOYMENT_TARGET = 7.1;
				SDKROOT = iphoneos;
				VALIDATE_PRODUCT = YES;
			};
			name = Release;
		};
		D80594DC1976F1B300116B35 /* Debug */ = {
			isa = XCBuildConfiguration;
			buildSettings = {
				ASSETCATALOG_COMPILER_APPICON_NAME = AppIcon;
				ASSETCATALOG_COMPILER_LAUNCHIMAGE_NAME = LaunchImage;
				GCC_PRECOMPILE_PREFIX_HEADER = YES;
				GCC_PREFIX_HEADER = "locationTrivia-API/locationTrivia-API-Prefix.pch";
				INFOPLIST_FILE = "locationTrivia-API/locationTrivia-API-Info.plist";
				PRODUCT_NAME = "$(TARGET_NAME)";
				WRAPPER_EXTENSION = app;
			};
			name = Debug;
		};
		D80594DD1976F1B300116B35 /* Release */ = {
			isa = XCBuildConfiguration;
			buildSettings = {
				ASSETCATALOG_COMPILER_APPICON_NAME = AppIcon;
				ASSETCATALOG_COMPILER_LAUNCHIMAGE_NAME = LaunchImage;
				GCC_PRECOMPILE_PREFIX_HEADER = YES;
				GCC_PREFIX_HEADER = "locationTrivia-API/locationTrivia-API-Prefix.pch";
				INFOPLIST_FILE = "locationTrivia-API/locationTrivia-API-Info.plist";
				PRODUCT_NAME = "$(TARGET_NAME)";
				WRAPPER_EXTENSION = app;
			};
			name = Release;
		};
		D80594DF1976F1B300116B35 /* Debug */ = {
			isa = XCBuildConfiguration;
			baseConfigurationReference = 9EA63685DE4E8E9ACEAD2B8E /* Pods-locationTrivia-APITests.debug.xcconfig */;
			buildSettings = {
				BUNDLE_LOADER = "$(BUILT_PRODUCTS_DIR)/locationTrivia-API.app/locationTrivia-API";
				FRAMEWORK_SEARCH_PATHS = (
					"$(SDKROOT)/Developer/Library/Frameworks",
					"$(inherited)",
					"$(DEVELOPER_FRAMEWORKS_DIR)",
				);
				GCC_PRECOMPILE_PREFIX_HEADER = YES;
				GCC_PREFIX_HEADER = "locationTrivia-API/locationTrivia-API-Prefix.pch";
				GCC_PREPROCESSOR_DEFINITIONS = (
					"DEBUG=1",
					"$(inherited)",
				);
				INFOPLIST_FILE = "locationTrivia-APITests/locationTrivia-APITests-Info.plist";
				PRODUCT_NAME = "$(TARGET_NAME)";
				TEST_HOST = "$(BUNDLE_LOADER)";
				WRAPPER_EXTENSION = xctest;
			};
			name = Debug;
		};
		D80594E01976F1B300116B35 /* Release */ = {
			isa = XCBuildConfiguration;
			baseConfigurationReference = B7080BB79891B7BA6DC9A172 /* Pods-locationTrivia-APITests.release.xcconfig */;
			buildSettings = {
				BUNDLE_LOADER = "$(BUILT_PRODUCTS_DIR)/locationTrivia-API.app/locationTrivia-API";
				FRAMEWORK_SEARCH_PATHS = (
					"$(SDKROOT)/Developer/Library/Frameworks",
					"$(inherited)",
					"$(DEVELOPER_FRAMEWORKS_DIR)",
				);
				GCC_PRECOMPILE_PREFIX_HEADER = YES;
				GCC_PREFIX_HEADER = "locationTrivia-API/locationTrivia-API-Prefix.pch";
				INFOPLIST_FILE = "locationTrivia-APITests/locationTrivia-APITests-Info.plist";
				PRODUCT_NAME = "$(TARGET_NAME)";
				TEST_HOST = "$(BUNDLE_LOADER)";
				WRAPPER_EXTENSION = xctest;
			};
			name = Release;
		};
/* End XCBuildConfiguration section */

/* Begin XCConfigurationList section */
		D80594A41976F1B300116B35 /* Build configuration list for PBXProject "locationTrivia-API" */ = {
			isa = XCConfigurationList;
			buildConfigurations = (
				D80594D91976F1B300116B35 /* Debug */,
				D80594DA1976F1B300116B35 /* Release */,
			);
			defaultConfigurationIsVisible = 0;
			defaultConfigurationName = Release;
		};
		D80594DB1976F1B300116B35 /* Build configuration list for PBXNativeTarget "locationTrivia-API" */ = {
			isa = XCConfigurationList;
			buildConfigurations = (
				D80594DC1976F1B300116B35 /* Debug */,
				D80594DD1976F1B300116B35 /* Release */,
			);
			defaultConfigurationIsVisible = 0;
			defaultConfigurationName = Release;
		};
		D80594DE1976F1B300116B35 /* Build configuration list for PBXNativeTarget "locationTrivia-APITests" */ = {
			isa = XCConfigurationList;
			buildConfigurations = (
				D80594DF1976F1B300116B35 /* Debug */,
				D80594E01976F1B300116B35 /* Release */,
			);
			defaultConfigurationIsVisible = 0;
			defaultConfigurationName = Release;
		};
/* End XCConfigurationList section */
	};
	rootObject = D80594A11976F1B300116B35 /* Project object */;
}
